{
  "lockfileVersion": 1,
  "configVersion": 1,
  "workspaces": {
    "": {
      "name": "reddit-trend-analyzer",
      "dependencies": {
        "ollama": "^0.6.3",
        "sqlite-vec": "^0.1.7",
      },
      "devDependencies": {
        "@types/bun": "latest",
        "typescript": "^5.0.0",
      },
    },
    "packages/cli": {
      "name": "@rta/cli",
      "version": "1.0.0",
      "bin": {
        "rta": "./src/cli.ts",
      },
    },
    "packages/core": {
      "name": "@rta/core",
      "version": "1.0.0",
      "dependencies": {
        "ollama": "^0.6.3",
        "sqlite-vec": "^0.1.7",
      },
    },
  },
  "packages": {
    "@rta/cli": ["@rta/cli@workspace:packages/cli"],

    "@rta/core": ["@rta/core@workspace:packages/core"],

    "@types/bun": ["@types/bun@1.3.6", "", { "dependencies": { "bun-types": "1.3.6" } }, "sha512-uWCv6FO/8LcpREhenN1d1b6fcspAB+cefwD7uti8C8VffIv0Um08TKMn98FynpTiU38+y2dUO55T11NgDt8VAA=="],

    "@types/node": ["@types/node@22.19.7", "", { "dependencies": { "undici-types": "~6.21.0" } }, "sha512-MciR4AKGHWl7xwxkBa6xUGxQJ4VBOmPTF7sL+iGzuahOFaO0jHCsuEfS80pan1ef4gWId1oWOweIhrDEYLuaOw=="],

    "bun-types": ["bun-types@1.3.6", "", { "dependencies": { "@types/node": "*" } }, "sha512-OlFwHcnNV99r//9v5IIOgQ9Uk37gZqrNMCcqEaExdkVq3Avwqok1bJFmvGMCkCE0FqzdY8VMOZpfpR3lwI+CsQ=="],

    "ollama": ["ollama@0.6.3", "", { "dependencies": { "whatwg-fetch": "^3.6.20" } }, "sha512-KEWEhIqE5wtfzEIZbDCLH51VFZ6Z3ZSa6sIOg/E/tBV8S51flyqBOXi+bRxlOYKDf8i327zG9eSTb8IJxvm3Zg=="],

    "sqlite-vec": ["sqlite-vec@0.1.7", "", { "optionalDependencies": { "sqlite-vec-darwin-arm64": "0.1.7", "sqlite-vec-darwin-x64": "0.1.7", "sqlite-vec-linux-arm64": "0.1.7", "sqlite-vec-linux-x64": "0.1.7", "sqlite-vec-windows-x64": "0.1.7" } }, "sha512-1Sge9uRc3B6wDKR4J6sGFi/E2ai9SAU5FenDki3OmhdP/a49PO2Juy1U5yQnx2bZP5t+C3BYJTkG+KkDi3q9Xg=="],

    "sqlite-vec-darwin-arm64": ["sqlite-vec-darwin-arm64@0.1.7", "", { "os": "darwin", "cpu": "arm64" }, "sha512-dQ7u4GKPdOPi3IfZ44K7HHdYup2JssM6fuKR9zgqRzW137uFOQmRhbYChNu+ZfW+yhJutsPgfNRFsuWKmy627w=="],

    "sqlite-vec-darwin-x64": ["sqlite-vec-darwin-x64@0.1.7", "", { "os": "darwin", "cpu": "x64" }, "sha512-MDoczft1BriQcGMEz+CqeSCkB0OsAf12ytZOapS6MaB7zgNzLLSLH6Sxe3yzcPWUyDuCWgK7WzyRIo8u1vAIVA=="],

    "sqlite-vec-linux-arm64": ["sqlite-vec-linux-arm64@0.1.7", "", { "os": "linux", "cpu": "arm64" }, "sha512-V429sYT/gwr9PgtT8rbjQd6ls7CFchFpiS45TKSf7rU7wxt9MBmCVorUcheD4kEZb4VeZ6PnFXXCqPMeaHkaUw=="],

    "sqlite-vec-linux-x64": ["sqlite-vec-linux-x64@0.1.7", "", { "os": "linux", "cpu": "x64" }, "sha512-wZL+lXeW7y63DLv6FYU6Q4nv2lP5F94cWt7bJCWNiHmZ6NdKIgz/p0QlyuJA/51b8TyoDvsTdusLVlZz9cIh5A=="],

    "sqlite-vec-windows-x64": ["sqlite-vec-windows-x64@0.1.7", "", { "os": "win32", "cpu": "x64" }, "sha512-FEZMjMT03irJxwqMQg+A+4hHCiFslxISOAkQ0eYn2lP7GdpppkgYveaT5Xnw/2V+GLq2MXOJb0nDGFNethHSkg=="],

    "typescript": ["typescript@5.9.3", "", { "bin": { "tsc": "bin/tsc", "tsserver": "bin/tsserver" } }, "sha512-jl1vZzPDinLr9eUt3J/t7V6FgNEw9QjvBPdysz9KfQDD41fQrC2Y4vKQdiaUpFT4bXlb1RHhLpp8wtm6M5TgSw=="],

    "undici-types": ["undici-types@6.21.0", "", {}, "sha512-iwDZqg0QAGrg9Rav5H4n0M64c3mkR59cJ6wQp+7C4nI0gsmExaedaYLNO44eT4AtBBwjbTiGPMlt2Md0T9H9JQ=="],

    "whatwg-fetch": ["whatwg-fetch@3.6.20", "", {}, "sha512-EqhiFU6daOA8kpjOWTL0olhVOF3i7OrFzSYiGsEMB8GcXS+RrzauAERX65xMeNWVqxA6HXH2m69Z9LaKKdisfg=="],
  }
}
